
Microsoft Visual Studio Solution File, Format Version 12.00
# Visual Studio Version 17
VisualStudioVersion = 17.2.32519.379
MinimumVisualStudioVersion = 10.0.40219.1
Project("{FAE04EC0-301F-11D3-BF4B-00C04F79EFBC}") = "ChequePorExtenso.Testes", "ChequePorExtenso.Testes\ChequePorExtenso.Testes.csproj", "{CA5600B1-4A81-4384-A85A-14FADD986938}"
EndProject
Project("{FAE04EC0-301F-11D3-BF4B-00C04F79EFBC}") = "ChequePorExtenso", "ChequePorExtenso\ChequePorExtenso.csproj", "{7DBD3805-29A5-4FA1-9F6E-C7D5922221F8}"
EndProject
Global
	GlobalSection(SolutionConfigurationPlatforms) = preSolution
		Debug|Any CPU = Debug|Any CPU
		Release|Any CPU = Release|Any CPU
	EndGlobalSection
	GlobalSection(ProjectConfigurationPlatforms) = postSolution
		{CA5600B1-4A81-4384-A85A-14FADD986938}.Debug|Any CPU.ActiveCfg = Debug|Any CPU
		{CA5600B1-4A81-4384-A85A-14FADD986938}.Debug|Any CPU.Build.0 = Debug|Any CPU
		{CA5600B1-4A81-4384-A85A-14FADD986938}.Release|Any CPU.ActiveCfg = Release|Any CPU
		{CA5600B1-4A81-4384-A85A-14FADD986938}.Release|Any CPU.Build.0 = Release|Any CPU
		{7DBD3805-29A5-4FA1-9F6E-C7D5922221F8}.Debug|Any CPU.ActiveCfg = Debug|Any CPU
		{7DBD3805-29A5-4FA1-9F6E-C7D5922221F8}.Debug|Any CPU.Build.0 = Debug|Any CPU
		{7DBD3805-29A5-4FA1-9F6E-C7D5922221F8}.Release|Any CPU.ActiveCfg = Release|Any CPU
		{7DBD3805-29A5-4FA1-9F6E-C7D5922221F8}.Release|Any CPU.Build.0 = Release|Any CPU
	EndGlobalSection
	GlobalSection(SolutionProperties) = preSolution
		HideSolutionNode = FALSE
	EndGlobalSection
	GlobalSection(ExtensibilityGlobals) = postSolution
		SolutionGuid = {707C16DF-2093-4CF7-B2DA-3A15A257C7F8}
	EndGlobalSection
EndGlobal
